
Microsoft Visual Studio Solution File, Format Version 12.00
# Visual Studio Version 17
VisualStudioVersion = 17.1.32328.378
MinimumVisualStudioVersion = 10.0.40219.1
Project("{888888A0-9F3D-457C-B088-3A5042F75D52}") = "Catalyst", "Catalyst.pyproj", "{6236022E-3431-41F6-9D01-50D19BA31163}"
EndProject
Global
	GlobalSection(SolutionConfigurationPlatforms) = preSolution
		Debug|Any CPU = Debug|Any CPU
		Release|Any CPU = Release|Any CPU
	EndGlobalSection
	GlobalSection(ProjectConfigurationPlatforms) = postSolution
		{6236022E-3431-41F6-9D01-50D19BA31163}.Debug|Any CPU.ActiveCfg = Debug|Any CPU
		{6236022E-3431-41F6-9D01-50D19BA31163}.Release|Any CPU.ActiveCfg = Release|Any CPU
	EndGlobalSection
	GlobalSection(SolutionProperties) = preSolution
		HideSolutionNode = FALSE
	EndGlobalSection
	GlobalSection(ExtensibilityGlobals) = postSolution
		SolutionGuid = {EBB11397-67A5-4348-BAB4-087299B4294C}
	EndGlobalSection
EndGlobal
